{
  "name": "cyrene",
  "version": "0.1.0",
  "lockfileVersion": 3,
  "requires": true,
  "packages": {
    "": {
      "name": "cyrene",
      "version": "0.1.0",
      "workspaces": [
        "core/*",
        "packages/*",
        "plugins/official/*",
        "apps/*"
      ],
      "devDependencies": {
        "typescript": "^5.5.0"
      }
    },
    "core/kernel": {
      "name": "@cyrene/kernel",
      "version": "0.1.0",
      "dependencies": {
        "@cyrene/sdk": "0.1.0",
        "@cyrene/shared-types": "0.1.0"
      }
    },
    "core/renderer-live2d": {
      "name": "@cyrene/renderer-live2d",
      "version": "0.1.0",
      "dependencies": {
        "@cyrene/kernel": "0.1.0",
        "@cyrene/shared-types": "0.1.0"
      }
    },
    "core/runtime": {
      "name": "@cyrene/runtime",
      "version": "0.1.0",
      "dependencies": {
        "@cyrene/kernel": "0.1.0",
        "@cyrene/shared-types": "0.1.0"
      }
    },
    "node_modules/@cyrene/kernel": {
      "resolved": "core/kernel",
      "link": true
    },
    "node_modules/@cyrene/plugin-feeding": {
      "resolved": "plugins/official/feeding",
      "link": true
    },
    "node_modules/@cyrene/plugin-pet-stats": {
      "resolved": "plugins/official/pet-stats",
      "link": true
    },
    "node_modules/@cyrene/renderer-live2d": {
      "resolved": "core/renderer-live2d",
      "link": true
    },
    "node_modules/@cyrene/runtime": {
      "resolved": "core/runtime",
      "link": true
    },
    "node_modules/@cyrene/sdk": {
      "resolved": "packages/sdk",
      "link": true
    },
    "node_modules/@cyrene/shared-types": {
      "resolved": "packages/shared-types",
      "link": true
    },
    "node_modules/typescript": {
      "version": "5.9.3",
      "resolved": "https://registry.npmjs.org/typescript/-/typescript-5.9.3.tgz",
      "integrity": "sha512-jl1vZzPDinLr9eUt3J/t7V6FgNEw9QjvBPdysz9KfQDD41fQrC2Y4vKQdiaUpFT4bXlb1RHhLpp8wtm6M5TgSw==",
      "dev": true,
      "license": "Apache-2.0",
      "bin": {
        "tsc": "bin/tsc",
        "tsserver": "bin/tsserver"
      },
      "engines": {
        "node": ">=14.17"
      }
    },
    "packages/sdk": {
      "name": "@cyrene/sdk",
      "version": "0.1.0",
      "dependencies": {
        "@cyrene/shared-types": "0.1.0"
      }
    },
    "packages/shared-types": {
      "name": "@cyrene/shared-types",
      "version": "0.1.0"
    },
    "plugins/official/feeding": {
      "name": "@cyrene/plugin-feeding",
      "version": "0.1.0",
      "dependencies": {
        "@cyrene/sdk": "0.1.0"
      }
    },
    "plugins/official/pet-stats": {
      "name": "@cyrene/plugin-pet-stats",
      "version": "0.1.0",
      "dependencies": {
        "@cyrene/sdk": "0.1.0"
      }
    }
  }
}
